
Microsoft Visual Studio Solution File, Format Version 12.00
# Visual Studio Version 16
VisualStudioVersion = 16.0.29424.173
MinimumVisualStudioVersion = 10.0.40219.1
Project("{9092AA53-FB77-4645-B42D-1CCCA6BD08BD}") = "Mixer", "Mixer.njsproj", "{403E1955-709D-44E7-87F7-5CB9EC315742}"
EndProject
Global
	GlobalSection(SolutionConfigurationPlatforms) = preSolution
		Debug|Any CPU = Debug|Any CPU
		Release|Any CPU = Release|Any CPU
	EndGlobalSection
	GlobalSection(ProjectConfigurationPlatforms) = postSolution
		{403E1955-709D-44E7-87F7-5CB9EC315742}.Debug|Any CPU.ActiveCfg = Debug|Any CPU
		{403E1955-709D-44E7-87F7-5CB9EC315742}.Debug|Any CPU.Build.0 = Debug|Any CPU
		{403E1955-709D-44E7-87F7-5CB9EC315742}.Release|Any CPU.ActiveCfg = Release|Any CPU
		{403E1955-709D-44E7-87F7-5CB9EC315742}.Release|Any CPU.Build.0 = Release|Any CPU
	EndGlobalSection
	GlobalSection(SolutionProperties) = preSolution
		HideSolutionNode = FALSE
	EndGlobalSection
	GlobalSection(ExtensibilityGlobals) = postSolution
		SolutionGuid = {8DA29FD5-DDEB-464E-8C48-8C73EB359375}
	EndGlobalSection
EndGlobal
